
Microsoft Visual Studio Solution File, Format Version 12.00
# Visual Studio Version 17
VisualStudioVersion = 17.0.32014.148
MinimumVisualStudioVersion = 10.0.40219.1
Project("{9A19103F-16F7-4668-BE54-9A1E7A4F7556}") = "Targil0", "Targil0\Targil0.csproj", "{95FF7152-FB13-42A3-A379-BF980E3C62D2}"
EndProject
Project("{2150E333-8FDC-42A3-9474-1A3956D46DE8}") = "Solution Items", "Solution Items", "{F16FFD5D-A943-4E03-93E5-95A682DA861B}"
	ProjectSection(SolutionItems) = preProject
		README.md = README.md
	EndProjectSection
EndProject
Project("{9A19103F-16F7-4668-BE54-9A1E7A4F7556}") = "ConsoleUI", "ConsoleUI\ConsoleUI.csproj", "{2AE9FB32-9F24-40CA-93D6-87CF1DF0C27C}"
EndProject
Project("{9A19103F-16F7-4668-BE54-9A1E7A4F7556}") = "BL", "ClassLibrary1\BL.csproj", "{9C84121C-998B-486E-AE07-D71135189340}"
EndProject
Project("{9A19103F-16F7-4668-BE54-9A1E7A4F7556}") = "ConsoleUI_BL", "ConsoleUI_BL2\ConsoleUI_BL.csproj", "{09345EB9-C70E-4F3E-9E2A-997C654388BE}"
EndProject
Project("{9A19103F-16F7-4668-BE54-9A1E7A4F7556}") = "DAL", "DAL1\DAL.csproj", "{DF10ADFF-C21E-44D9-9EB1-4EDA6AC8181A}"
EndProject
Project("{9A19103F-16F7-4668-BE54-9A1E7A4F7556}") = "PL", "PL\PL.csproj", "{B92C7121-398D-4CA6-BF07-ADB9A810F8F2}"
EndProject
Project("{9A19103F-16F7-4668-BE54-9A1E7A4F7556}") = "TemplateSingleTon", "TemplateSingleTon4\TemplateSingleTon.csproj", "{489FFEDB-5A8F-4035-9DB9-3DCC672434D3}"
EndProject
Project("{9A19103F-16F7-4668-BE54-9A1E7A4F7556}") = "DalApi", "DalApi\DalApi.csproj", "{06B51774-B93C-4866-A4CD-A536B98B6951}"
EndProject
Global
	GlobalSection(SolutionConfigurationPlatforms) = preSolution
		Debug|Any CPU = Debug|Any CPU
		Release|Any CPU = Release|Any CPU
	EndGlobalSection
	GlobalSection(ProjectConfigurationPlatforms) = postSolution
		{95FF7152-FB13-42A3-A379-BF980E3C62D2}.Debug|Any CPU.ActiveCfg = Debug|Any CPU
		{95FF7152-FB13-42A3-A379-BF980E3C62D2}.Debug|Any CPU.Build.0 = Debug|Any CPU
		{95FF7152-FB13-42A3-A379-BF980E3C62D2}.Release|Any CPU.ActiveCfg = Release|Any CPU
		{95FF7152-FB13-42A3-A379-BF980E3C62D2}.Release|Any CPU.Build.0 = Release|Any CPU
		{2AE9FB32-9F24-40CA-93D6-87CF1DF0C27C}.Debug|Any CPU.ActiveCfg = Debug|Any CPU
		{2AE9FB32-9F24-40CA-93D6-87CF1DF0C27C}.Debug|Any CPU.Build.0 = Debug|Any CPU
		{2AE9FB32-9F24-40CA-93D6-87CF1DF0C27C}.Release|Any CPU.ActiveCfg = Release|Any CPU
		{2AE9FB32-9F24-40CA-93D6-87CF1DF0C27C}.Release|Any CPU.Build.0 = Release|Any CPU
		{9C84121C-998B-486E-AE07-D71135189340}.Debug|Any CPU.ActiveCfg = Debug|Any CPU
		{9C84121C-998B-486E-AE07-D71135189340}.Debug|Any CPU.Build.0 = Debug|Any CPU
		{9C84121C-998B-486E-AE07-D71135189340}.Release|Any CPU.ActiveCfg = Release|Any CPU
		{9C84121C-998B-486E-AE07-D71135189340}.Release|Any CPU.Build.0 = Release|Any CPU
		{09345EB9-C70E-4F3E-9E2A-997C654388BE}.Debug|Any CPU.ActiveCfg = Debug|Any CPU
		{09345EB9-C70E-4F3E-9E2A-997C654388BE}.Debug|Any CPU.Build.0 = Debug|Any CPU
		{09345EB9-C70E-4F3E-9E2A-997C654388BE}.Release|Any CPU.ActiveCfg = Release|Any CPU
		{09345EB9-C70E-4F3E-9E2A-997C654388BE}.Release|Any CPU.Build.0 = Release|Any CPU
		{DF10ADFF-C21E-44D9-9EB1-4EDA6AC8181A}.Debug|Any CPU.ActiveCfg = Debug|Any CPU
		{DF10ADFF-C21E-44D9-9EB1-4EDA6AC8181A}.Debug|Any CPU.Build.0 = Debug|Any CPU
		{DF10ADFF-C21E-44D9-9EB1-4EDA6AC8181A}.Release|Any CPU.ActiveCfg = Release|Any CPU
		{DF10ADFF-C21E-44D9-9EB1-4EDA6AC8181A}.Release|Any CPU.Build.0 = Release|Any CPU
		{B92C7121-398D-4CA6-BF07-ADB9A810F8F2}.Debug|Any CPU.ActiveCfg = Debug|Any CPU
		{B92C7121-398D-4CA6-BF07-ADB9A810F8F2}.Debug|Any CPU.Build.0 = Debug|Any CPU
		{B92C7121-398D-4CA6-BF07-ADB9A810F8F2}.Release|Any CPU.ActiveCfg = Release|Any CPU
		{B92C7121-398D-4CA6-BF07-ADB9A810F8F2}.Release|Any CPU.Build.0 = Release|Any CPU
		{489FFEDB-5A8F-4035-9DB9-3DCC672434D3}.Debug|Any CPU.ActiveCfg = Debug|Any CPU
		{489FFEDB-5A8F-4035-9DB9-3DCC672434D3}.Debug|Any CPU.Build.0 = Debug|Any CPU
		{489FFEDB-5A8F-4035-9DB9-3DCC672434D3}.Release|Any CPU.ActiveCfg = Release|Any CPU
		{489FFEDB-5A8F-4035-9DB9-3DCC672434D3}.Release|Any CPU.Build.0 = Release|Any CPU
		{06B51774-B93C-4866-A4CD-A536B98B6951}.Debug|Any CPU.ActiveCfg = Debug|Any CPU
		{06B51774-B93C-4866-A4CD-A536B98B6951}.Debug|Any CPU.Build.0 = Debug|Any CPU
		{06B51774-B93C-4866-A4CD-A536B98B6951}.Release|Any CPU.ActiveCfg = Release|Any CPU
		{06B51774-B93C-4866-A4CD-A536B98B6951}.Release|Any CPU.Build.0 = Release|Any CPU
	EndGlobalSection
	GlobalSection(SolutionProperties) = preSolution
		HideSolutionNode = FALSE
	EndGlobalSection
	GlobalSection(NestedProjects) = preSolution
		{95FF7152-FB13-42A3-A379-BF980E3C62D2} = {F16FFD5D-A943-4E03-93E5-95A682DA861B}
		{2AE9FB32-9F24-40CA-93D6-87CF1DF0C27C} = {F16FFD5D-A943-4E03-93E5-95A682DA861B}
		{9C84121C-998B-486E-AE07-D71135189340} = {F16FFD5D-A943-4E03-93E5-95A682DA861B}
		{09345EB9-C70E-4F3E-9E2A-997C654388BE} = {F16FFD5D-A943-4E03-93E5-95A682DA861B}
		{DF10ADFF-C21E-44D9-9EB1-4EDA6AC8181A} = {F16FFD5D-A943-4E03-93E5-95A682DA861B}
		{B92C7121-398D-4CA6-BF07-ADB9A810F8F2} = {F16FFD5D-A943-4E03-93E5-95A682DA861B}
		{489FFEDB-5A8F-4035-9DB9-3DCC672434D3} = {F16FFD5D-A943-4E03-93E5-95A682DA861B}
		{06B51774-B93C-4866-A4CD-A536B98B6951} = {F16FFD5D-A943-4E03-93E5-95A682DA861B}
	EndGlobalSection
	GlobalSection(ExtensibilityGlobals) = postSolution
		SolutionGuid = {F1CC2860-1FE1-4EE8-AF14-7B39B1C9FFE8}
	EndGlobalSection
EndGlobal
